// !$*UTF8*$!
{
	archiveVersion = 1;
	classes = {
	};
	objectVersion = 77;
	objects = {

/* Begin PBXBuildFile section */
		1897981F3043E2BE0045212D /* RxSwift in Frameworks */ = {isa = PBXBuildFile; productRef = 1897981E3043E2BE0045212D /* RxSwift */; };
/* End PBXBuildFile section */

/* Begin PBXContainerItemProxy section */
		189797C33042A2070045212D /* PBXContainerItemProxy */ = {
			isa = PBXContainerItemProxy;
			containerPortal = 189797A43042A2060045212D /* Project object */;
			proxyType = 1;
			remoteGlobalIDString = 189797AB3042A2060045212D;
			remoteInfo = PhotoSearchApp;
		};
		189797CD3042A2070045212D /* PBXContainerItemProxy */ = {
			isa = PBXContainerItemProxy;
			containerPortal = 189797A43042A2060045212D /* Project object */;
			proxyType = 1;
			remoteGlobalIDString = 189797AB3042A2060045212D;
			remoteInfo = PhotoSearchApp;
		};
/* End PBXContainerItemProxy section */

/* Begin PBXFileReference section */
		189797AC3042A2060045212D /* PhotoSearchApp.app */ = {isa = PBXFileReference; explicitFileType = wrapper.application; includeInIndex = 0; path = PhotoSearchApp.app; sourceTree = BUILT_PRODUCTS_DIR; };
		189797C23042A2070045212D /* PhotoSearchAppTests.xctest */ = {isa = PBXFileReference; explicitFileType = wrapper.cfbundle; includeInIndex = 0; path = PhotoSearchAppTests.xctest; sourceTree = BUILT_PRODUCTS_DIR; };
		189797CC3042A2070045212D /* PhotoSearchAppUITests.xctest */ = {isa = PBXFileReference; explicitFileType = wrapper.cfbundle; includeInIndex = 0; path = PhotoSearchAppUITests.xctest; sourceTree = BUILT_PRODUCTS_DIR; };
/* End PBXFileReference section */

/* Begin PBXFileSystemSynchronizedBuildFileExceptionSet section */
		189797D43042A2070045212D /* Exceptions for "PhotoSearchApp" folder in "PhotoSearchApp" target */ = {
			isa = PBXFileSystemSynchronizedBuildFileExceptionSet;
			membershipExceptions = (
				Info.plist,
			);
			target = 189797AB3042A2060045212D /* PhotoSearchApp */;
		};
/* End PBXFileSystemSynchronizedBuildFileExceptionSet section */

/* Begin PBXFileSystemSynchronizedRootGroup section */
		189797AE3042A2060045212D /* PhotoSearchApp */ = {
			isa = PBXFileSystemSynchronizedRootGroup;
			exceptions = (
				189797D43042A2070045212D /* Exceptions for "PhotoSearchApp" folder in "PhotoSearchApp" target */,
			);
			path = PhotoSearchApp;
			sourceTree = "<group>";
		};
		189797C53042A2070045212D /* PhotoSearchAppTests */ = {
			isa = PBXFileSystemSynchronizedRootGroup;
			path = PhotoSearchAppTests;
			sourceTree = "<group>";
		};
		189797CF3042A2070045212D /* PhotoSearchAppUITests */ = {
			isa = PBXFileSystemSynchronizedRootGroup;
			path = PhotoSearchAppUITests;
			sourceTree = "<group>";
		};
/* End PBXFileSystemSynchronizedRootGroup section */

/* Begin PBXFrameworksBuildPhase section */
		189797A93042A2060045212D /* Frameworks */ = {
			isa = PBXFrameworksBuildPhase;
			buildActionMask = 2147483647;
			files = (
				1897981F3043E2BE0045212D /* RxSwift in Frameworks */,
			);
			runOnlyForDeploymentPostprocessing = 0;
		};
		189797BF3042A2070045212D /* Frameworks */ = {
			isa = PBXFrameworksBuildPhase;
			buildActionMask = 2147483647;
			files = (
			);
			runOnlyForDeploymentPostprocessing = 0;
		};
		189797C93042A2070045212D /* Frameworks */ = {
			isa = PBXFrameworksBuildPhase;
			buildActionMask = 2147483647;
			files = (
			);
			runOnlyForDeploymentPostprocessing = 0;
		};
/* End PBXFrameworksBuildPhase section */

/* Begin PBXGroup section */
		189797A33042A2050045212D = {
			isa = PBXGroup;
			children = (
				189797AE3042A2060045212D /* PhotoSearchApp */,
				189797C53042A2070045212D /* PhotoSearchAppTests */,
				189797CF3042A2070045212D /* PhotoSearchAppUITests */,
				189797AD3042A2060045212D /* Products */,
			);
			sourceTree = "<group>";
		};
		189797AD3042A2060045212D /* Products */ = {
			isa = PBXGroup;
			children = (
				189797AC3042A2060045212D /* PhotoSearchApp.app */,
				189797C23042A2070045212D /* PhotoSearchAppTests.xctest */,
				189797CC3042A2070045212D /* PhotoSearchAppUITests.xctest */,
			);
			name = Products;
			sourceTree = "<group>";
		};
/* End PBXGroup section */

/* Begin PBXNativeTarget section */
		189797AB3042A2060045212D /* PhotoSearchApp */ = {
			isa = PBXNativeTarget;
			buildConfigurationList = 189797D53042A2070045212D /* Build configuration list for PBXNativeTarget "PhotoSearchApp" */;
			buildPhases = (
				189797A83042A2060045212D /* Sources */,
				189797A93042A2060045212D /* Frameworks */,
				189797AA3042A2060045212D /* Resources */,
			);
			buildRules = (
			);
			dependencies = (
			);
			fileSystemSynchronizedGroups = (
				189797AE3042A2060045212D /* PhotoSearchApp */,
			);
			name = PhotoSearchApp;
			packageProductDependencies = (
				1897981E3043E2BE0045212D /* RxSwift */,
			);
			productName = PhotoSearchApp;
			productReference = 189797AC3042A2060045212D /* PhotoSearchApp.app */;
			productType = "com.apple.product-type.application";
		};
		189797C13042A2070045212D /* PhotoSearchAppTests */ = {
			isa = PBXNativeTarget;
			buildConfigurationList = 189797DA3042A2070045212D /* Build configuration list for PBXNativeTarget "PhotoSearchAppTests" */;
			buildPhases = (
				189797BE3042A2070045212D /* Sources */,
				189797BF3042A2070045212D /* Frameworks */,
				189797C03042A2070045212D /* Resources */,
			);
			buildRules = (
			);
			dependencies = (
				189797C43042A2070045212D /* PBXTargetDependency */,
			);
			fileSystemSynchronizedGroups = (
				189797C53042A2070045212D /* PhotoSearchAppTests */,
			);
			name = PhotoSearchAppTests;
			packageProductDependencies = (
			);
			productName = PhotoSearchAppTests;
			productReference = 189797C23042A2070045212D /* PhotoSearchAppTests.xctest */;
			productType = "com.apple.product-type.bundle.unit-test";
		};
		189797CB3042A2070045212D /* PhotoSearchAppUITests */ = {
			isa = PBXNativeTarget;
			buildConfigurationList = 189797DD3042A2070045212D /* Build configuration list for PBXNativeTarget "PhotoSearchAppUITests" */;
			buildPhases = (
				189797C83042A2070045212D /* Sources */,
				189797C93042A2070045212D /* Frameworks */,
				189797CA3042A2070045212D /* Resources */,
			);
			buildRules = (
			);
			dependencies = (
				189797CE3042A2070045212D /* PBXTargetDependency */,
			);
			fileSystemSynchronizedGroups = (
				189797CF3042A2070045212D /* PhotoSearchAppUITests */,
			);
			name = PhotoSearchAppUITests;
			packageProductDependencies = (
			);
			productName = PhotoSearchAppUITests;
			productReference = 189797CC3042A2070045212D /* PhotoSearchAppUITests.xctest */;
			productType = "com.apple.product-type.bundle.ui-testing";
		};
/* End PBXNativeTarget section */

/* Begin PBXProject section */
		189797A43042A2060045212D /* Project object */ = {
			isa = PBXProject;
			attributes = {
				BuildIndependentTargetsInParallel = 1;
				LastSwiftUpdateCheck = 2660;
				LastUpgradeCheck = 2660;
				TargetAttributes = {
					189797AB3042A2060045212D = {
						CreatedOnToolsVersion = 26.6;
					};
					189797C13042A2070045212D = {
						CreatedOnToolsVersion = 26.6;
						TestTargetID = 189797AB3042A2060045212D;
					};
					189797CB3042A2070045212D = {
						CreatedOnToolsVersion = 26.6;
						TestTargetID = 189797AB3042A2060045212D;
					};
				};
			};
			buildConfigurationList = 189797A73042A2060045212D /* Build configuration list for PBXProject "PhotoSearchApp" */;
			developmentRegion = en;
			hasScannedForEncodings = 0;
			knownRegions = (
				en,
				Base,
			);
			mainGroup = 189797A33042A2050045212D;
			minimizedProjectReferenceProxies = 1;
			packageReferences = (
				1897981B3043E2BE0045212D /* XCRemoteSwiftPackageReference "RxSwift" */,
			);
			preferredProjectObjectVersion = 77;
			productRefGroup = 189797AD3042A2060045212D /* Products */;
			projectDirPath = "";
			projectRoot = "";
			targets = (
				189797AB3042A2060045212D /* PhotoSearchApp */,
				189797C13042A2070045212D /* PhotoSearchAppTests */,
				189797CB3042A2070045212D /* PhotoSearchAppUITests */,
			);
		};
/* End PBXProject section */

/* Begin PBXResourcesBuildPhase section */
		189797AA3042A2060045212D /* Resources */ = {
			isa = PBXResourcesBuildPhase;
			buildActionMask = 2147483647;
			files = (
			);
			runOnlyForDeploymentPostprocessing = 0;
		};
		189797C03042A2070045212D /* Resources */ = {
			isa = PBXResourcesBuildPhase;
			buildActionMask = 2147483647;
			files = (
			);
			runOnlyForDeploymentPostprocessing = 0;
		};
		189797CA3042A2070045212D /* Resources */ = {
			isa = PBXResourcesBuildPhase;
			buildActionMask = 2147483647;
			files = (
			);
			runOnlyForDeploymentPostprocessing = 0;
		};
/* End PBXResourcesBuildPhase section */

/* Begin PBXSourcesBuildPhase section */
		189797A83042A2060045212D /* Sources */ = {
			isa = PBXSourcesBuildPhase;
			buildActionMask = 2147483647;
			files = (
			);
			runOnlyForDeploymentPostprocessing = 0;
		};
		189797BE3042A2070045212D /* Sources */ = {
			isa = PBXSourcesBuildPhase;
			buildActionMask = 2147483647;
			files = (
			);
			runOnlyForDeploymentPostprocessing = 0;
		};
		189797C83042A2070045212D /* Sources */ = {
			isa = PBXSourcesBuildPhase;
			buildActionMask = 2147483647;
			files = (
			);
			runOnlyForDeploymentPostprocessing = 0;
		};
/* End PBXSourcesBuildPhase section */

/* Begin PBXTargetDependency section */
		189797C43042A2070045212D /* PBXTargetDependency */ = {
			isa = PBXTargetDependency;
			target = 189797AB3042A2060045212D /* PhotoSearchApp */;
			targetProxy = 189797C33042A2070045212D /* PBXContainerItemProxy */;
		};
		189797CE3042A2070045212D /* PBXTargetDependency */ = {
			isa = PBXTargetDependency;
			target = 189797AB3042A2060045212D /* PhotoSearchApp */;
			targetProxy = 189797CD3042A2070045212D /* PBXContainerItemProxy */;
		};
/* End PBXTargetDependency section */

/* Begin XCBuildConfiguration section */
		189797D63042A2070045212D /* Debug */ = {
			isa = XCBuildConfiguration;
			buildSettings = {
				ASSETCATALOG_COMPILER_APPICON_NAME = AppIcon;
				ASSETCATALOG_COMPILER_GLOBAL_ACCENT_COLOR_NAME = AccentColor;
				CODE_SIGN_STYLE = Automatic;
				CURRENT_PROJECT_VERSION = 1;
				GENERATE_INFOPLIST_FILE = YES;
				INFOPLIST_FILE = PhotoSearchApp/Info.plist;
				INFOPLIST_KEY_UIApplicationSupportsIndirectInputEvents = YES;
				INFOPLIST_KEY_UILaunchStoryboardName = LaunchScreen;
				INFOPLIST_KEY_UIMainStoryboardFile = Main;
				INFOPLIST_KEY_UISupportedInterfaceOrientations_iPad = "UIInterfaceOrientationPortrait UIInterfaceOrientationPortraitUpsideDown UIInterfaceOrientationLandscapeLeft UIInterfaceOrientationLandscapeRight";
				INFOPLIST_KEY_UISupportedInterfaceOrientations_iPhone = "UIInterfaceOrientationPortrait UIInterfaceOrientationLandscapeLeft UIInterfaceOrientationLandscapeRight";
				LD_RUNPATH_SEARCH_PATHS = (
					"$(inherited)",
					"@executable_path/Frameworks",
				);
				MARKETING_VERSION = 1.0;
				PRODUCT_BUNDLE_IDENTIFIER = com.takemoto.PhotoSearchApp;
				PRODUCT_NAME = "$(TARGET_NAME)";
				STRING_CATALOG_GENERATE_SYMBOLS = YES;
				SWIFT_APPROACHABLE_CONCURRENCY = YES;
				SWIFT_DEFAULT_ACTOR_ISOLATION = MainActor;
				SWIFT_EMIT_LOC_STRINGS = YES;
				SWIFT_UPCOMING_FEATURE_MEMBER_IMPORT_VISIBILITY = YES;
				SWIFT_VERSION = 5.0;
				TARGETED_DEVICE_FAMILY = "1,2";
			};
			name = Debug;
		};
		189797D73042A2070045212D /* Release */ = {
			isa = XCBuildConfiguration;
			buildSettings = {
				ASSETCATALOG_COMPILER_APPICON_NAME = AppIcon;
				ASSETCATALOG_COMPILER_GLOBAL_ACCENT_COLOR_NAME = AccentColor;
				CODE_SIGN_STYLE = Automatic;
				CURRENT_PROJECT_VERSION = 1;
				GENERATE_INFOPLIST_FILE = YES;
				INFOPLIST_FILE = PhotoSearchApp/Info.plist;
				INFOPLIST_KEY_UIApplicationSupportsIndirectInputEvents = YES;
				INFOPLIST_KEY_UILaunchStoryboardName = LaunchScreen;
				INFOPLIST_KEY_UIMainStoryboardFile = Main;
				INFOPLIST_KEY_UISupportedInterfaceOrientations_iPad = "UIInterfaceOrientationPortrait UIInterfaceOrientationPortraitUpsideDown UIInterfaceOrientationLandscapeLeft UIInterfaceOrientationLandscapeRight";
				INFOPLIST_KEY_UISupportedInterfaceOrientations_iPhone = "UIInterfaceOrientationPortrait UIInterfaceOrientationLandscapeLeft UIInterfaceOrientationLandscapeRight";
				LD_RUNPATH_SEARCH_PATHS = (
					"$(inherited)",
					"@executable_path/Frameworks",
				);
				MARKETING_VERSION = 1.0;
				PRODUCT_BUNDLE_IDENTIFIER = com.takemoto.PhotoSearchApp;
				PRODUCT_NAME = "$(TARGET_NAME)";
				STRING_CATALOG_GENERATE_SYMBOLS = YES;
				SWIFT_APPROACHABLE_CONCURRENCY = YES;
				SWIFT_DEFAULT_ACTOR_ISOLATION = MainActor;
				SWIFT_EMIT_LOC_STRINGS = YES;
				SWIFT_UPCOMING_FEATURE_MEMBER_IMPORT_VISIBILITY = YES;
				SWIFT_VERSION = 5.0;
				TARGETED_DEVICE_FAMILY = "1,2";
			};
			name = Release;
		};
		189797D83042A2070045212D /* Debug */ = {
			isa = XCBuildConfiguration;
			buildSettings = {
				ALWAYS_SEARCH_USER_PATHS = NO;
				ASSETCATALOG_COMPILER_GENERATE_SWIFT_ASSET_SYMBOL_EXTENSIONS = YES;
				CLANG_ANALYZER_NONNULL = YES;
				CLANG_ANALYZER_NUMBER_OBJECT_CONVERSION = YES_AGGRESSIVE;
				CLANG_CXX_LANGUAGE_STANDARD = "gnu++20";
				CLANG_ENABLE_MODULES = YES;
				CLANG_ENABLE_OBJC_ARC = YES;
				CLANG_ENABLE_OBJC_WEAK = YES;
				CLANG_WARN_BLOCK_CAPTURE_AUTORELEASING = YES;
				CLANG_WARN_BOOL_CONVERSION = YES;
				CLANG_WARN_COMMA = YES;
				CLANG_WARN_CONSTANT_CONVERSION = YES;
				CLANG_WARN_DEPRECATED_OBJC_IMPLEMENTATIONS = YES;
				CLANG_WARN_DIRECT_OBJC_ISA_USAGE = YES_ERROR;
				CLANG_WARN_DOCUMENTATION_COMMENTS = YES;
				CLANG_WARN_EMPTY_BODY = YES;
				CLANG_WARN_ENUM_CONVERSION = YES;
				CLANG_WARN_INFINITE_RECURSION = YES;
				CLANG_WARN_INT_CONVERSION = YES;
				CLANG_WARN_NON_LITERAL_NULL_CONVERSION = YES;
				CLANG_WARN_OBJC_IMPLICIT_RETAIN_SELF = YES;
				CLANG_WARN_OBJC_LITERAL_CONVERSION = YES;
				CLANG_WARN_OBJC_ROOT_CLASS = YES_ERROR;
				CLANG_WARN_QUOTED_INCLUDE_IN_FRAMEWORK_HEADER = YES;
				CLANG_WARN_RANGE_LOOP_ANALYSIS = YES;
				CLANG_WARN_STRICT_PROTOTYPES = YES;
				CLANG_WARN_SUSPICIOUS_MOVE = YES;
				CLANG_WARN_UNGUARDED_AVAILABILITY = YES_AGGRESSIVE;
				CLANG_WARN_UNREACHABLE_CODE = YES;
				CLANG_WARN__DUPLICATE_METHOD_MATCH = YES;
				COPY_PHASE_STRIP = NO;
				DEBUG_INFORMATION_FORMAT = dwarf;
				ENABLE_STRICT_OBJC_MSGSEND = YES;
				ENABLE_TESTABILITY = YES;
				ENABLE_USER_SCRIPT_SANDBOXING = YES;
				GCC_C_LANGUAGE_STANDARD = gnu17;
				GCC_DYNAMIC_NO_PIC = NO;
				GCC_NO_COMMON_BLOCKS = YES;
				GCC_OPTIMIZATION_LEVEL = 0;
				GCC_PREPROCESSOR_DEFINITIONS = (
					"DEBUG=1",
					"$(inherited)",
				);
				GCC_WARN_64_TO_32_BIT_CONVERSION = YES;
				GCC_WARN_ABOUT_RETURN_TYPE = YES_ERROR;
				GCC_WARN_UNDECLARED_SELECTOR = YES;
				GCC_WARN_UNINITIALIZED_AUTOS = YES_AGGRESSIVE;
				GCC_WARN_UNUSED_FUNCTION = YES;
				GCC_WARN_UNUSED_VARIABLE = YES;
				IPHONEOS_DEPLOYMENT_TARGET = 26.5;
				LOCALIZATION_PREFERS_STRING_CATALOGS = YES;
				MTL_ENABLE_DEBUG_INFO = INCLUDE_SOURCE;
				MTL_FAST_MATH = YES;
				ONLY_ACTIVE_ARCH = YES;
				SDKROOT = iphoneos;
				SWIFT_ACTIVE_COMPILATION_CONDITIONS = "DEBUG $(inherited)";
				SWIFT_OPTIMIZATION_LEVEL = "-Onone";
			};
			name = Debug;
		};
		189797D93042A2070045212D /* Release */ = {
			isa = XCBuildConfiguration;
			buildSettings = {
				ALWAYS_SEARCH_USER_PATHS = NO;
				ASSETCATALOG_COMPILER_GENERATE_SWIFT_ASSET_SYMBOL_EXTENSIONS = YES;
				CLANG_ANALYZER_NONNULL = YES;
				CLANG_ANALYZER_NUMBER_OBJECT_CONVERSION = YES_AGGRESSIVE;
				CLANG_CXX_LANGUAGE_STANDARD = "gnu++20";
				CLANG_ENABLE_MODULES = YES;
				CLANG_ENABLE_OBJC_ARC = YES;
				CLANG_ENABLE_OBJC_WEAK = YES;
				CLANG_WARN_BLOCK_CAPTURE_AUTORELEASING = YES;
				CLANG_WARN_BOOL_CONVERSION = YES;
				CLANG_WARN_COMMA = YES;
				CLANG_WARN_CONSTANT_CONVERSION = YES;
				CLANG_WARN_DEPRECATED_OBJC_IMPLEMENTATIONS = YES;
				CLANG_WARN_DIRECT_OBJC_ISA_USAGE = YES_ERROR;
				CLANG_WARN_DOCUMENTATION_COMMENTS = YES;
				CLANG_WARN_EMPTY_BODY = YES;
				CLANG_WARN_ENUM_CONVERSION = YES;
				CLANG_WARN_INFINITE_RECURSION = YES;
				CLANG_WARN_INT_CONVERSION = YES;
				CLANG_WARN_NON_LITERAL_NULL_CONVERSION = YES;
				CLANG_WARN_OBJC_IMPLICIT_RETAIN_SELF = YES;
				CLANG_WARN_OBJC_LITERAL_CONVERSION = YES;
				CLANG_WARN_OBJC_ROOT_CLASS = YES_ERROR;
				CLANG_WARN_QUOTED_INCLUDE_IN_FRAMEWORK_HEADER = YES;
				CLANG_WARN_RANGE_LOOP_ANALYSIS = YES;
				CLANG_WARN_STRICT_PROTOTYPES = YES;
				CLANG_WARN_SUSPICIOUS_MOVE = YES;
				CLANG_WARN_UNGUARDED_AVAILABILITY = YES_AGGRESSIVE;
				CLANG_WARN_UNREACHABLE_CODE = YES;
				CLANG_WARN__DUPLICATE_METHOD_MATCH = YES;
				COPY_PHASE_STRIP = NO;
				DEBUG_INFORMATION_FORMAT = "dwarf-with-dsym";
				ENABLE_NS_ASSERTIONS = NO;
				ENABLE_STRICT_OBJC_MSGSEND = YES;
				ENABLE_USER_SCRIPT_SANDBOXING = YES;
				GCC_C_LANGUAGE_STANDARD = gnu17;
				GCC_NO_COMMON_BLOCKS = YES;
				GCC_WARN_64_TO_32_BIT_CONVERSION = YES;
				GCC_WARN_ABOUT_RETURN_TYPE = YES_ERROR;
				GCC_WARN_UNDECLARED_SELECTOR = YES;
				GCC_WARN_UNINITIALIZED_AUTOS = YES_AGGRESSIVE;
				GCC_WARN_UNUSED_FUNCTION = YES;
				GCC_WARN_UNUSED_VARIABLE = YES;
				IPHONEOS_DEPLOYMENT_TARGET = 26.5;
				LOCALIZATION_PREFERS_STRING_CATALOGS = YES;
				MTL_ENABLE_DEBUG_INFO = NO;
				MTL_FAST_MATH = YES;
				SDKROOT = iphoneos;
				SWIFT_COMPILATION_MODE = wholemodule;
				VALIDATE_PRODUCT = YES;
			};
			name = Release;
		};
		189797DB3042A2070045212D /* Debug */ = {
			isa = XCBuildConfiguration;
			buildSettings = {
				BUNDLE_LOADER = "$(TEST_HOST)";
				CODE_SIGN_STYLE = Automatic;
				CURRENT_PROJECT_VERSION = 1;
				GENERATE_INFOPLIST_FILE = YES;
				IPHONEOS_DEPLOYMENT_TARGET = 26.5;
				MARKETING_VERSION = 1.0;
				PRODUCT_BUNDLE_IDENTIFIER = com.takemoto.PhotoSearchAppTests;
				PRODUCT_NAME = "$(TARGET_NAME)";
				STRING_CATALOG_GENERATE_SYMBOLS = NO;
				SWIFT_APPROACHABLE_CONCURRENCY = YES;
				SWIFT_EMIT_LOC_STRINGS = NO;
				SWIFT_UPCOMING_FEATURE_MEMBER_IMPORT_VISIBILITY = YES;
				SWIFT_VERSION = 5.0;
				TARGETED_DEVICE_FAMILY = "1,2";
				TEST_HOST = "$(BUILT_PRODUCTS_DIR)/PhotoSearchApp.app/$(BUNDLE_EXECUTABLE_FOLDER_PATH)/PhotoSearchApp";
			};
			name = Debug;
		};
		189797DC3042A2070045212D /* Release */ = {
			isa = XCBuildConfiguration;
			buildSettings = {
				BUNDLE_LOADER = "$(TEST_HOST)";
				CODE_SIGN_STYLE = Automatic;
				CURRENT_PROJECT_VERSION = 1;
				GENERATE_INFOPLIST_FILE = YES;
				IPHONEOS_DEPLOYMENT_TARGET = 26.5;
				MARKETING_VERSION = 1.0;
				PRODUCT_BUNDLE_IDENTIFIER = com.takemoto.PhotoSearchAppTests;
				PRODUCT_NAME = "$(TARGET_NAME)";
				STRING_CATALOG_GENERATE_SYMBOLS = NO;
				SWIFT_APPROACHABLE_CONCURRENCY = YES;
				SWIFT_EMIT_LOC_STRINGS = NO;
				SWIFT_UPCOMING_FEATURE_MEMBER_IMPORT_VISIBILITY = YES;
				SWIFT_VERSION = 5.0;
				TARGETED_DEVICE_FAMILY = "1,2";
				TEST_HOST = "$(BUILT_PRODUCTS_DIR)/PhotoSearchApp.app/$(BUNDLE_EXECUTABLE_FOLDER_PATH)/PhotoSearchApp";
			};
			name = Release;
		};
		189797DE3042A2070045212D /* Debug */ = {
			isa = XCBuildConfiguration;
			buildSettings = {
				CODE_SIGN_STYLE = Automatic;
				CURRENT_PROJECT_VERSION = 1;
				GENERATE_INFOPLIST_FILE = YES;
				MARKETING_VERSION = 1.0;
				PRODUCT_BUNDLE_IDENTIFIER = com.takemoto.PhotoSearchAppUITests;
				PRODUCT_NAME = "$(TARGET_NAME)";
				STRING_CATALOG_GENERATE_SYMBOLS = NO;
				SWIFT_APPROACHABLE_CONCURRENCY = YES;
				SWIFT_EMIT_LOC_STRINGS = NO;
				SWIFT_UPCOMING_FEATURE_MEMBER_IMPORT_VISIBILITY = YES;
				SWIFT_VERSION = 5.0;
				TARGETED_DEVICE_FAMILY = "1,2";
				TEST_TARGET_NAME = PhotoSearchApp;
			};
			name = Debug;
		};
		189797DF3042A2070045212D /* Release */ = {
			isa = XCBuildConfiguration;
			buildSettings = {
				CODE_SIGN_STYLE = Automatic;
				CURRENT_PROJECT_VERSION = 1;
				GENERATE_INFOPLIST_FILE = YES;
				MARKETING_VERSION = 1.0;
				PRODUCT_BUNDLE_IDENTIFIER = com.takemoto.PhotoSearchAppUITests;
				PRODUCT_NAME = "$(TARGET_NAME)";
				STRING_CATALOG_GENERATE_SYMBOLS = NO;
				SWIFT_APPROACHABLE_CONCURRENCY = YES;
				SWIFT_EMIT_LOC_STRINGS = NO;
				SWIFT_UPCOMING_FEATURE_MEMBER_IMPORT_VISIBILITY = YES;
				SWIFT_VERSION = 5.0;
				TARGETED_DEVICE_FAMILY = "1,2";
				TEST_TARGET_NAME = PhotoSearchApp;
			};
			name = Release;
		};
/* End XCBuildConfiguration section */

/* Begin XCConfigurationList section */
		189797A73042A2060045212D /* Build configuration list for PBXProject "PhotoSearchApp" */ = {
			isa = XCConfigurationList;
			buildConfigurations = (
				189797D83042A2070045212D /* Debug */,
				189797D93042A2070045212D /* Release */,
			);
			defaultConfigurationIsVisible = 0;
			defaultConfigurationName = Release;
		};
		189797D53042A2070045212D /* Build configuration list for PBXNativeTarget "PhotoSearchApp" */ = {
			isa = XCConfigurationList;
			buildConfigurations = (
				189797D63042A2070045212D /* Debug */,
				189797D73042A2070045212D /* Release */,
			);
			defaultConfigurationIsVisible = 0;
			defaultConfigurationName = Release;
		};
		189797DA3042A2070045212D /* Build configuration list for PBXNativeTarget "PhotoSearchAppTests" */ = {
			isa = XCConfigurationList;
			buildConfigurations = (
				189797DB3042A2070045212D /* Debug */,
				189797DC3042A2070045212D /* Release */,
			);
			defaultConfigurationIsVisible = 0;
			defaultConfigurationName = Release;
		};
		189797DD3042A2070045212D /* Build configuration list for PBXNativeTarget "PhotoSearchAppUITests" */ = {
			isa = XCConfigurationList;
			buildConfigurations = (
				189797DE3042A2070045212D /* Debug */,
				189797DF3042A2070045212D /* Release */,
			);
			defaultConfigurationIsVisible = 0;
			defaultConfigurationName = Release;
		};
/* End XCConfigurationList section */

/* Begin XCRemoteSwiftPackageReference section */
		1897981B3043E2BE0045212D /* XCRemoteSwiftPackageReference "RxSwift" */ = {
			isa = XCRemoteSwiftPackageReference;
			repositoryURL = "https://github.com/ReactiveX/RxSwift";
			requirement = {
				kind = upToNextMajorVersion;
				minimumVersion = 6.10.2;
			};
		};
/* End XCRemoteSwiftPackageReference section */

/* Begin XCSwiftPackageProductDependency section */
		1897981E3043E2BE0045212D /* RxSwift */ = {
			isa = XCSwiftPackageProductDependency;
			package = 1897981B3043E2BE0045212D /* XCRemoteSwiftPackageReference "RxSwift" */;
			productName = RxSwift;
		};
/* End XCSwiftPackageProductDependency section */
	};
	rootObject = 189797A43042A2060045212D /* Project object */;
}
